
Microsoft Visual Studio Solution File, Format Version 12.00
# Visual Studio Version 17
VisualStudioVersion = 17.9.34728.123
MinimumVisualStudioVersion = 10.0.40219.1
Project("{FAE04EC0-301F-11D3-BF4B-00C04F79EFBC}") = "BancoDeDados", "BancoDeDados\BancoDeDados.csproj", "{BC57BA5E-AFEC-43AB-9B3F-CA7EB6B5D555}"
EndProject
Global
	GlobalSection(SolutionConfigurationPlatforms) = preSolution
		Debug|Any CPU = Debug|Any CPU
		Release|Any CPU = Release|Any CPU
	EndGlobalSection
	GlobalSection(ProjectConfigurationPlatforms) = postSolution
		{BC57BA5E-AFEC-43AB-9B3F-CA7EB6B5D555}.Debug|Any CPU.ActiveCfg = Debug|Any CPU
		{BC57BA5E-AFEC-43AB-9B3F-CA7EB6B5D555}.Debug|Any CPU.Build.0 = Debug|Any CPU
		{BC57BA5E-AFEC-43AB-9B3F-CA7EB6B5D555}.Release|Any CPU.ActiveCfg = Release|Any CPU
		{BC57BA5E-AFEC-43AB-9B3F-CA7EB6B5D555}.Release|Any CPU.Build.0 = Release|Any CPU
	EndGlobalSection
	GlobalSection(SolutionProperties) = preSolution
		HideSolutionNode = FALSE
	EndGlobalSection
	GlobalSection(ExtensibilityGlobals) = postSolution
		SolutionGuid = {FE61FAFD-E654-4639-8F09-687976D97B9C}
	EndGlobalSection
EndGlobal
